
Microsoft Visual Studio Solution File, Format Version 12.00
# Visual Studio Version 16
VisualStudioVersion = 16.0.32510.428
MinimumVisualStudioVersion = 10.0.40219.1
Project("{FAE04EC0-301F-11D3-BF4B-00C04F79EFBC}") = "SE1617_Win", "SE1617_Win\SE1617_Win.csproj", "{338E8034-ECFE-4F9E-96D1-8A6D9CC7502C}"
EndProject
Global
	GlobalSection(SolutionConfigurationPlatforms) = preSolution
		Debug|Any CPU = Debug|Any CPU
		Release|Any CPU = Release|Any CPU
	EndGlobalSection
	GlobalSection(ProjectConfigurationPlatforms) = postSolution
		{338E8034-ECFE-4F9E-96D1-8A6D9CC7502C}.Debug|Any CPU.ActiveCfg = Debug|Any CPU
		{338E8034-ECFE-4F9E-96D1-8A6D9CC7502C}.Debug|Any CPU.Build.0 = Debug|Any CPU
		{338E8034-ECFE-4F9E-96D1-8A6D9CC7502C}.Release|Any CPU.ActiveCfg = Release|Any CPU
		{338E8034-ECFE-4F9E-96D1-8A6D9CC7502C}.Release|Any CPU.Build.0 = Release|Any CPU
	EndGlobalSection
	GlobalSection(SolutionProperties) = preSolution
		HideSolutionNode = FALSE
	EndGlobalSection
	GlobalSection(ExtensibilityGlobals) = postSolution
		SolutionGuid = {1C443354-A809-4902-832D-D827C7573865}
	EndGlobalSection
EndGlobal
